
Microsoft Visual Studio Solution File, Format Version 12.00
# Visual Studio Version 16
VisualStudioVersion = 16.0.29806.167
MinimumVisualStudioVersion = 10.0.40219.1
Project("{FAE04EC0-301F-11D3-BF4B-00C04F79EFBC}") = "ComponentProcessingMicroservice", "ComponentProcessingMicroservice.csproj", "{F66E6136-ADDD-49D8-BB96-90ABD5DFF6CD}"
EndProject
Global
	GlobalSection(SolutionConfigurationPlatforms) = preSolution
		Debug|Any CPU = Debug|Any CPU
		Release|Any CPU = Release|Any CPU
	EndGlobalSection
	GlobalSection(ProjectConfigurationPlatforms) = postSolution
		{F66E6136-ADDD-49D8-BB96-90ABD5DFF6CD}.Debug|Any CPU.ActiveCfg = Debug|Any CPU
		{F66E6136-ADDD-49D8-BB96-90ABD5DFF6CD}.Debug|Any CPU.Build.0 = Debug|Any CPU
		{F66E6136-ADDD-49D8-BB96-90ABD5DFF6CD}.Release|Any CPU.ActiveCfg = Release|Any CPU
		{F66E6136-ADDD-49D8-BB96-90ABD5DFF6CD}.Release|Any CPU.Build.0 = Release|Any CPU
	EndGlobalSection
	GlobalSection(SolutionProperties) = preSolution
		HideSolutionNode = FALSE
	EndGlobalSection
	GlobalSection(ExtensibilityGlobals) = postSolution
		SolutionGuid = {17C84755-6510-4DF6-B2CD-DBBC88BD1727}
	EndGlobalSection
EndGlobal
